// !$*UTF8*$!
{
	archiveVersion = 1;
	classes = {
	};
	objectVersion = 50;
	objects = {

/* Begin PBXBuildFile section */
		8A0C32C124861F880068BAF2 /* AppDelegate.swift in Sources */ = {isa = PBXBuildFile; fileRef = 8A0C32C024861F880068BAF2 /* AppDelegate.swift */; };
		8A0C32C324861F880068BAF2 /* SceneDelegate.swift in Sources */ = {isa = PBXBuildFile; fileRef = 8A0C32C224861F880068BAF2 /* SceneDelegate.swift */; };
		8A0C32C524861F880068BAF2 /* LandmarkDetail.swift in Sources */ = {isa = PBXBuildFile; fileRef = 8A0C32C424861F880068BAF2 /* LandmarkDetail.swift */; };
		8A0C32C724861F8A0068BAF2 /* Assets.xcassets in Resources */ = {isa = PBXBuildFile; fileRef = 8A0C32C624861F8A0068BAF2 /* Assets.xcassets */; };
		8A0C32CA24861F8A0068BAF2 /* Preview Assets.xcassets in Resources */ = {isa = PBXBuildFile; fileRef = 8A0C32C924861F8A0068BAF2 /* Preview Assets.xcassets */; };
		8A0C32CD24861F8A0068BAF2 /* LaunchScreen.storyboard in Resources */ = {isa = PBXBuildFile; fileRef = 8A0C32CB24861F8A0068BAF2 /* LaunchScreen.storyboard */; };
		8A0C32D5248623540068BAF2 /* CircleImage.swift in Sources */ = {isa = PBXBuildFile; fileRef = 8A0C32D4248623540068BAF2 /* CircleImage.swift */; };
		8A0C32D8248627B40068BAF2 /* MapView.swift in Sources */ = {isa = PBXBuildFile; fileRef = 8A0C32D7248627B40068BAF2 /* MapView.swift */; };
		8A10FA0D24862E2100675005 /* Landmark.swift in Sources */ = {isa = PBXBuildFile; fileRef = 8A10FA0C24862E2100675005 /* Landmark.swift */; };
		8A10FA2324862F5E00675005 /* landmarkData.json in Resources */ = {isa = PBXBuildFile; fileRef = 8A10FA1624862F5E00675005 /* landmarkData.json */; };
		8A10FA2A2486302900675005 /* Data.swift in Sources */ = {isa = PBXBuildFile; fileRef = 8A10FA292486302900675005 /* Data.swift */; };
		8A10FA2C2486350400675005 /* LandmarkRow.swift in Sources */ = {isa = PBXBuildFile; fileRef = 8A10FA2B2486350400675005 /* LandmarkRow.swift */; };
		8A10FA2E248636CB00675005 /* LandmarkList.swift in Sources */ = {isa = PBXBuildFile; fileRef = 8A10FA2D248636CB00675005 /* LandmarkList.swift */; };
		8A62EA7724877DC20051A88E /* Hike.swift in Sources */ = {isa = PBXBuildFile; fileRef = 8A62EA7624877DC20051A88E /* Hike.swift */; };
		8A62EA7A24877DE80051A88E /* HikeView.swift in Sources */ = {isa = PBXBuildFile; fileRef = 8A62EA7824877DE80051A88E /* HikeView.swift */; };
		8A62EA7B24877DE80051A88E /* HikeDetail.swift in Sources */ = {isa = PBXBuildFile; fileRef = 8A62EA7924877DE80051A88E /* HikeDetail.swift */; };
		8A62EA7E24877E0C0051A88E /* GraphCapsule.swift in Sources */ = {isa = PBXBuildFile; fileRef = 8A62EA7C24877E0C0051A88E /* GraphCapsule.swift */; };
		8A62EA7F24877E0C0051A88E /* HikeGraph.swift in Sources */ = {isa = PBXBuildFile; fileRef = 8A62EA7D24877E0C0051A88E /* HikeGraph.swift */; };
		8A62EA8124877E4B0051A88E /* hikeData.json in Resources */ = {isa = PBXBuildFile; fileRef = 8A62EA8024877E4B0051A88E /* hikeData.json */; };
		8A6453512486568E005681F7 /* UserData.swift in Sources */ = {isa = PBXBuildFile; fileRef = 8A6453502486568E005681F7 /* UserData.swift */; };
		8A645353248663FB005681F7 /* Badge.swift in Sources */ = {isa = PBXBuildFile; fileRef = 8A645352248663FB005681F7 /* Badge.swift */; };
		8A6453552486645D005681F7 /* HexagonParameters.swift in Sources */ = {isa = PBXBuildFile; fileRef = 8A6453542486645D005681F7 /* HexagonParameters.swift */; };
		8A645364248666EF005681F7 /* turtlerock.jpg in Resources */ = {isa = PBXBuildFile; fileRef = 8A645358248666EF005681F7 /* turtlerock.jpg */; };
		8A645365248666EF005681F7 /* lakemcdonald.jpg in Resources */ = {isa = PBXBuildFile; fileRef = 8A645359248666EF005681F7 /* lakemcdonald.jpg */; };
		8A645366248666EF005681F7 /* icybay.jpg in Resources */ = {isa = PBXBuildFile; fileRef = 8A64535A248666EF005681F7 /* icybay.jpg */; };
		8A645367248666EF005681F7 /* stmarylake.jpg in Resources */ = {isa = PBXBuildFile; fileRef = 8A64535B248666EF005681F7 /* stmarylake.jpg */; };
		8A645368248666EF005681F7 /* chilkoottrail.jpg in Resources */ = {isa = PBXBuildFile; fileRef = 8A64535C248666EF005681F7 /* chilkoottrail.jpg */; };
		8A645369248666EF005681F7 /* hiddenlake.jpg in Resources */ = {isa = PBXBuildFile; fileRef = 8A64535D248666EF005681F7 /* hiddenlake.jpg */; };
		8A64536A248666EF005681F7 /* silversalmoncreek.jpg in Resources */ = {isa = PBXBuildFile; fileRef = 8A64535E248666EF005681F7 /* silversalmoncreek.jpg */; };
		8A64536B248666EF005681F7 /* twinlake.jpg in Resources */ = {isa = PBXBuildFile; fileRef = 8A64535F248666EF005681F7 /* twinlake.jpg */; };
		8A64536C248666EF005681F7 /* charleyrivers.jpg in Resources */ = {isa = PBXBuildFile; fileRef = 8A645360248666EF005681F7 /* charleyrivers.jpg */; };
		8A64536D248666EF005681F7 /* umbagog.jpg in Resources */ = {isa = PBXBuildFile; fileRef = 8A645361248666EF005681F7 /* umbagog.jpg */; };
		8A64536E248666EF005681F7 /* rainbowlake.jpg in Resources */ = {isa = PBXBuildFile; fileRef = 8A645362248666EF005681F7 /* rainbowlake.jpg */; };
		8A64536F248666EF005681F7 /* chincoteague.jpg in Resources */ = {isa = PBXBuildFile; fileRef = 8A645363248666EF005681F7 /* chincoteague.jpg */; };
		8A6453712486698B005681F7 /* BadgeBackground.swift in Sources */ = {isa = PBXBuildFile; fileRef = 8A6453702486698B005681F7 /* BadgeBackground.swift */; };
		8A645373248669F4005681F7 /* BadgeSymbol.swift in Sources */ = {isa = PBXBuildFile; fileRef = 8A645372248669F4005681F7 /* BadgeSymbol.swift */; };
		8A64537524866A36005681F7 /* RotatedBadgeSymbol.swift in Sources */ = {isa = PBXBuildFile; fileRef = 8A64537424866A36005681F7 /* RotatedBadgeSymbol.swift */; };
/* End PBXBuildFile section */

/* Begin PBXFileReference section */
		8A0C32BD24861F880068BAF2 /* Landmarks.app */ = {isa = PBXFileReference; explicitFileType = wrapper.application; includeInIndex = 0; path = Landmarks.app; sourceTree = BUILT_PRODUCTS_DIR; };
		8A0C32C024861F880068BAF2 /* AppDelegate.swift */ = {isa = PBXFileReference; lastKnownFileType = sourcecode.swift; path = AppDelegate.swift; sourceTree = "<group>"; };
		8A0C32C224861F880068BAF2 /* SceneDelegate.swift */ = {isa = PBXFileReference; lastKnownFileType = sourcecode.swift; path = SceneDelegate.swift; sourceTree = "<group>"; };
		8A0C32C424861F880068BAF2 /* LandmarkDetail.swift */ = {isa = PBXFileReference; lastKnownFileType = sourcecode.swift; path = LandmarkDetail.swift; sourceTree = "<group>"; };
		8A0C32C624861F8A0068BAF2 /* Assets.xcassets */ = {isa = PBXFileReference; lastKnownFileType = folder.assetcatalog; path = Assets.xcassets; sourceTree = "<group>"; };
		8A0C32C924861F8A0068BAF2 /* Preview Assets.xcassets */ = {isa = PBXFileReference; lastKnownFileType = folder.assetcatalog; path = "Preview Assets.xcassets"; sourceTree = "<group>"; };
		8A0C32CC24861F8A0068BAF2 /* Base */ = {isa = PBXFileReference; lastKnownFileType = file.storyboard; name = Base; path = Base.lproj/LaunchScreen.storyboard; sourceTree = "<group>"; };
		8A0C32CE24861F8A0068BAF2 /* Info.plist */ = {isa = PBXFileReference; lastKnownFileType = text.plist.xml; path = Info.plist; sourceTree = "<group>"; };
		8A0C32D4248623540068BAF2 /* CircleImage.swift */ = {isa = PBXFileReference; lastKnownFileType = sourcecode.swift; path = CircleImage.swift; sourceTree = "<group>"; };
		8A0C32D7248627B40068BAF2 /* MapView.swift */ = {isa = PBXFileReference; lastKnownFileType = sourcecode.swift; path = MapView.swift; sourceTree = "<group>"; };
		8A10FA0C24862E2100675005 /* Landmark.swift */ = {isa = PBXFileReference; lastKnownFileType = sourcecode.swift; path = Landmark.swift; sourceTree = "<group>"; };
		8A10FA1624862F5E00675005 /* landmarkData.json */ = {isa = PBXFileReference; fileEncoding = 4; lastKnownFileType = text.json; path = landmarkData.json; sourceTree = "<group>"; };
		8A10FA292486302900675005 /* Data.swift */ = {isa = PBXFileReference; lastKnownFileType = sourcecode.swift; path = Data.swift; sourceTree = "<group>"; };
		8A10FA2B2486350400675005 /* LandmarkRow.swift */ = {isa = PBXFileReference; lastKnownFileType = sourcecode.swift; path = LandmarkRow.swift; sourceTree = "<group>"; };
		8A10FA2D248636CB00675005 /* LandmarkList.swift */ = {isa = PBXFileReference; lastKnownFileType = sourcecode.swift; path = LandmarkList.swift; sourceTree = "<group>"; };
		8A62EA7624877DC20051A88E /* Hike.swift */ = {isa = PBXFileReference; fileEncoding = 4; lastKnownFileType = sourcecode.swift; path = Hike.swift; sourceTree = "<group>"; };
		8A62EA7824877DE80051A88E /* HikeView.swift */ = {isa = PBXFileReference; fileEncoding = 4; lastKnownFileType = sourcecode.swift; path = HikeView.swift; sourceTree = "<group>"; };
		8A62EA7924877DE80051A88E /* HikeDetail.swift */ = {isa = PBXFileReference; fileEncoding = 4; lastKnownFileType = sourcecode.swift; path = HikeDetail.swift; sourceTree = "<group>"; };
		8A62EA7C24877E0C0051A88E /* GraphCapsule.swift */ = {isa = PBXFileReference; fileEncoding = 4; lastKnownFileType = sourcecode.swift; path = GraphCapsule.swift; sourceTree = "<group>"; };
		8A62EA7D24877E0C0051A88E /* HikeGraph.swift */ = {isa = PBXFileReference; fileEncoding = 4; lastKnownFileType = sourcecode.swift; path = HikeGraph.swift; sourceTree = "<group>"; };
		8A62EA8024877E4B0051A88E /* hikeData.json */ = {isa = PBXFileReference; fileEncoding = 4; lastKnownFileType = text.json; path = hikeData.json; sourceTree = "<group>"; };
		8A6453502486568E005681F7 /* UserData.swift */ = {isa = PBXFileReference; lastKnownFileType = sourcecode.swift; path = UserData.swift; sourceTree = "<group>"; };
		8A645352248663FB005681F7 /* Badge.swift */ = {isa = PBXFileReference; lastKnownFileType = sourcecode.swift; path = Badge.swift; sourceTree = "<group>"; };
		8A6453542486645D005681F7 /* HexagonParameters.swift */ = {isa = PBXFileReference; lastKnownFileType = sourcecode.swift; path = HexagonParameters.swift; sourceTree = "<group>"; };
		8A645358248666EF005681F7 /* turtlerock.jpg */ = {isa = PBXFileReference; lastKnownFileType = image.jpeg; path = turtlerock.jpg; sourceTree = "<group>"; };
		8A645359248666EF005681F7 /* lakemcdonald.jpg */ = {isa = PBXFileReference; lastKnownFileType = image.jpeg; path = lakemcdonald.jpg; sourceTree = "<group>"; };
		8A64535A248666EF005681F7 /* icybay.jpg */ = {isa = PBXFileReference; lastKnownFileType = image.jpeg; path = icybay.jpg; sourceTree = "<group>"; };
		8A64535B248666EF005681F7 /* stmarylake.jpg */ = {isa = PBXFileReference; lastKnownFileType = image.jpeg; path = stmarylake.jpg; sourceTree = "<group>"; };
		8A64535C248666EF005681F7 /* chilkoottrail.jpg */ = {isa = PBXFileReference; lastKnownFileType = image.jpeg; path = chilkoottrail.jpg; sourceTree = "<group>"; };
		8A64535D248666EF005681F7 /* hiddenlake.jpg */ = {isa = PBXFileReference; lastKnownFileType = image.jpeg; path = hiddenlake.jpg; sourceTree = "<group>"; };
		8A64535E248666EF005681F7 /* silversalmoncreek.jpg */ = {isa = PBXFileReference; lastKnownFileType = image.jpeg; path = silversalmoncreek.jpg; sourceTree = "<group>"; };
		8A64535F248666EF005681F7 /* twinlake.jpg */ = {isa = PBXFileReference; lastKnownFileType = image.jpeg; path = twinlake.jpg; sourceTree = "<group>"; };
		8A645360248666EF005681F7 /* charleyrivers.jpg */ = {isa = PBXFileReference; lastKnownFileType = image.jpeg; path = charleyrivers.jpg; sourceTree = "<group>"; };
		8A645361248666EF005681F7 /* umbagog.jpg */ = {isa = PBXFileReference; lastKnownFileType = image.jpeg; path = umbagog.jpg; sourceTree = "<group>"; };
		8A645362248666EF005681F7 /* rainbowlake.jpg */ = {isa = PBXFileReference; lastKnownFileType = image.jpeg; path = rainbowlake.jpg; sourceTree = "<group>"; };
		8A645363248666EF005681F7 /* chincoteague.jpg */ = {isa = PBXFileReference; lastKnownFileType = image.jpeg; path = chincoteague.jpg; sourceTree = "<group>"; };
		8A6453702486698B005681F7 /* BadgeBackground.swift */ = {isa = PBXFileReference; lastKnownFileType = sourcecode.swift; path = BadgeBackground.swift; sourceTree = "<group>"; };
		8A645372248669F4005681F7 /* BadgeSymbol.swift */ = {isa = PBXFileReference; lastKnownFileType = sourcecode.swift; path = BadgeSymbol.swift; sourceTree = "<group>"; };
		8A64537424866A36005681F7 /* RotatedBadgeSymbol.swift */ = {isa = PBXFileReference; lastKnownFileType = sourcecode.swift; path = RotatedBadgeSymbol.swift; sourceTree = "<group>"; };
/* End PBXFileReference section */

/* Begin PBXFrameworksBuildPhase section */
		8A0C32BA24861F880068BAF2 /* Frameworks */ = {
			isa = PBXFrameworksBuildPhase;
			buildActionMask = 2147483647;
			files = (
			);
			runOnlyForDeploymentPostprocessing = 0;
		};
/* End PBXFrameworksBuildPhase section */

/* Begin PBXGroup section */
		8A0C32B424861F880068BAF2 = {
			isa = PBXGroup;
			children = (
				8A0C32BF24861F880068BAF2 /* Landmarks */,
				8A0C32BE24861F880068BAF2 /* Products */,
			);
			sourceTree = "<group>";
		};
		8A0C32BE24861F880068BAF2 /* Products */ = {
			isa = PBXGroup;
			children = (
				8A0C32BD24861F880068BAF2 /* Landmarks.app */,
			);
			name = Products;
			sourceTree = "<group>";
		};
		8A0C32BF24861F880068BAF2 /* Landmarks */ = {
			isa = PBXGroup;
			children = (
				8A0C32C024861F880068BAF2 /* AppDelegate.swift */,
				8A0C32C224861F880068BAF2 /* SceneDelegate.swift */,
				8A0C32C624861F8A0068BAF2 /* Assets.xcassets */,
				8A0C32CE24861F8A0068BAF2 /* Info.plist */,
				8A0C32CB24861F8A0068BAF2 /* LaunchScreen.storyboard */,
				8A10FA2F248636D500675005 /* Views */,
				8A10FA0B24862E0D00675005 /* Models */,
				8A0C32D6248627040068BAF2 /* SupportingViews */,
				8A10FA0E24862F5E00675005 /* Resources */,
				8A0C32C824861F8A0068BAF2 /* Preview Content */,
			);
			path = Landmarks;
			sourceTree = "<group>";
		};
		8A0C32C824861F8A0068BAF2 /* Preview Content */ = {
			isa = PBXGroup;
			children = (
				8A0C32C924861F8A0068BAF2 /* Preview Assets.xcassets */,
			);
			path = "Preview Content";
			sourceTree = "<group>";
		};
		8A0C32D6248627040068BAF2 /* SupportingViews */ = {
			isa = PBXGroup;
			children = (
				8A62EA7C24877E0C0051A88E /* GraphCapsule.swift */,
				8A62EA7D24877E0C0051A88E /* HikeGraph.swift */,
				8A0C32D4248623540068BAF2 /* CircleImage.swift */,
				8A0C32D7248627B40068BAF2 /* MapView.swift */,
				8A645352248663FB005681F7 /* Badge.swift */,
				8A6453702486698B005681F7 /* BadgeBackground.swift */,
				8A645372248669F4005681F7 /* BadgeSymbol.swift */,
				8A64537424866A36005681F7 /* RotatedBadgeSymbol.swift */,
			);
			path = SupportingViews;
			sourceTree = "<group>";
		};
		8A10FA0B24862E0D00675005 /* Models */ = {
			isa = PBXGroup;
			children = (
				8A62EA7624877DC20051A88E /* Hike.swift */,
				8A10FA0C24862E2100675005 /* Landmark.swift */,
				8A10FA292486302900675005 /* Data.swift */,
				8A6453502486568E005681F7 /* UserData.swift */,
				8A6453542486645D005681F7 /* HexagonParameters.swift */,
			);
			path = Models;
			sourceTree = "<group>";
		};
		8A10FA0E24862F5E00675005 /* Resources */ = {
			isa = PBXGroup;
			children = (
				8A62EA8024877E4B0051A88E /* hikeData.json */,
				8A645360248666EF005681F7 /* charleyrivers.jpg */,
				8A64535C248666EF005681F7 /* chilkoottrail.jpg */,
				8A645363248666EF005681F7 /* chincoteague.jpg */,
				8A64535D248666EF005681F7 /* hiddenlake.jpg */,
				8A64535A248666EF005681F7 /* icybay.jpg */,
				8A645359248666EF005681F7 /* lakemcdonald.jpg */,
				8A645362248666EF005681F7 /* rainbowlake.jpg */,
				8A64535E248666EF005681F7 /* silversalmoncreek.jpg */,
				8A64535B248666EF005681F7 /* stmarylake.jpg */,
				8A645358248666EF005681F7 /* turtlerock.jpg */,
				8A64535F248666EF005681F7 /* twinlake.jpg */,
				8A645361248666EF005681F7 /* umbagog.jpg */,
				8A10FA1624862F5E00675005 /* landmarkData.json */,
			);
			path = Resources;
			sourceTree = "<group>";
		};
		8A10FA2F248636D500675005 /* Views */ = {
			isa = PBXGroup;
			children = (
				8A10FA2B2486350400675005 /* LandmarkRow.swift */,
				8A62EA7924877DE80051A88E /* HikeDetail.swift */,
				8A62EA7824877DE80051A88E /* HikeView.swift */,
				8A0C32C424861F880068BAF2 /* LandmarkDetail.swift */,
				8A10FA2D248636CB00675005 /* LandmarkList.swift */,
			);
			path = Views;
			sourceTree = "<group>";
		};
/* End PBXGroup section */

/* Begin PBXNativeTarget section */
		8A0C32BC24861F880068BAF2 /* Landmarks */ = {
			isa = PBXNativeTarget;
			buildConfigurationList = 8A0C32D124861F8A0068BAF2 /* Build configuration list for PBXNativeTarget "Landmarks" */;
			buildPhases = (
				8A0C32B924861F880068BAF2 /* Sources */,
				8A0C32BA24861F880068BAF2 /* Frameworks */,
				8A0C32BB24861F880068BAF2 /* Resources */,
			);
			buildRules = (
			);
			dependencies = (
			);
			name = Landmarks;
			productName = Landmarks;
			productReference = 8A0C32BD24861F880068BAF2 /* Landmarks.app */;
			productType = "com.apple.product-type.application";
		};
/* End PBXNativeTarget section */

/* Begin PBXProject section */
		8A0C32B524861F880068BAF2 /* Project object */ = {
			isa = PBXProject;
			attributes = {
				LastSwiftUpdateCheck = 1130;
				LastUpgradeCheck = 1130;
				ORGANIZATIONNAME = "Md. Saber Hossain";
				TargetAttributes = {
					8A0C32BC24861F880068BAF2 = {
						CreatedOnToolsVersion = 11.3.1;
					};
				};
			};
			buildConfigurationList = 8A0C32B824861F880068BAF2 /* Build configuration list for PBXProject "Landmarks" */;
			compatibilityVersion = "Xcode 9.3";
			developmentRegion = en;
			hasScannedForEncodings = 0;
			knownRegions = (
				en,
				Base,
			);
			mainGroup = 8A0C32B424861F880068BAF2;
			productRefGroup = 8A0C32BE24861F880068BAF2 /* Products */;
			projectDirPath = "";
			projectRoot = "";
			targets = (
				8A0C32BC24861F880068BAF2 /* Landmarks */,
			);
		};
/* End PBXProject section */

/* Begin PBXResourcesBuildPhase section */
		8A0C32BB24861F880068BAF2 /* Resources */ = {
			isa = PBXResourcesBuildPhase;
			buildActionMask = 2147483647;
			files = (
				8A645365248666EF005681F7 /* lakemcdonald.jpg in Resources */,
				8A64536E248666EF005681F7 /* rainbowlake.jpg in Resources */,
				8A62EA8124877E4B0051A88E /* hikeData.json in Resources */,
				8A645368248666EF005681F7 /* chilkoottrail.jpg in Resources */,
				8A64536D248666EF005681F7 /* umbagog.jpg in Resources */,
				8A10FA2324862F5E00675005 /* landmarkData.json in Resources */,
				8A645367248666EF005681F7 /* stmarylake.jpg in Resources */,
				8A0C32CD24861F8A0068BAF2 /* LaunchScreen.storyboard in Resources */,
				8A0C32CA24861F8A0068BAF2 /* Preview Assets.xcassets in Resources */,
				8A64536B248666EF005681F7 /* twinlake.jpg in Resources */,
				8A0C32C724861F8A0068BAF2 /* Assets.xcassets in Resources */,
				8A64536C248666EF005681F7 /* charleyrivers.jpg in Resources */,
				8A645366248666EF005681F7 /* icybay.jpg in Resources */,
				8A64536A248666EF005681F7 /* silversalmoncreek.jpg in Resources */,
				8A645369248666EF005681F7 /* hiddenlake.jpg in Resources */,
				8A64536F248666EF005681F7 /* chincoteague.jpg in Resources */,
				8A645364248666EF005681F7 /* turtlerock.jpg in Resources */,
			);
			runOnlyForDeploymentPostprocessing = 0;
		};
/* End PBXResourcesBuildPhase section */

/* Begin PBXSourcesBuildPhase section */
		8A0C32B924861F880068BAF2 /* Sources */ = {
			isa = PBXSourcesBuildPhase;
			buildActionMask = 2147483647;
			files = (
				8A6453552486645D005681F7 /* HexagonParameters.swift in Sources */,
				8A10FA2A2486302900675005 /* Data.swift in Sources */,
				8A0C32C124861F880068BAF2 /* AppDelegate.swift in Sources */,
				8A645353248663FB005681F7 /* Badge.swift in Sources */,
				8A0C32D5248623540068BAF2 /* CircleImage.swift in Sources */,
				8A62EA7A24877DE80051A88E /* HikeView.swift in Sources */,
				8A0C32D8248627B40068BAF2 /* MapView.swift in Sources */,
				8A62EA7724877DC20051A88E /* Hike.swift in Sources */,
				8A10FA2E248636CB00675005 /* LandmarkList.swift in Sources */,
				8A645373248669F4005681F7 /* BadgeSymbol.swift in Sources */,
				8A64537524866A36005681F7 /* RotatedBadgeSymbol.swift in Sources */,
				8A62EA7B24877DE80051A88E /* HikeDetail.swift in Sources */,
				8A0C32C324861F880068BAF2 /* SceneDelegate.swift in Sources */,
				8A62EA7F24877E0C0051A88E /* HikeGraph.swift in Sources */,
				8A6453712486698B005681F7 /* BadgeBackground.swift in Sources */,
				8A10FA2C2486350400675005 /* LandmarkRow.swift in Sources */,
				8A0C32C524861F880068BAF2 /* LandmarkDetail.swift in Sources */,
				8A6453512486568E005681F7 /* UserData.swift in Sources */,
				8A62EA7E24877E0C0051A88E /* GraphCapsule.swift in Sources */,
				8A10FA0D24862E2100675005 /* Landmark.swift in Sources */,
			);
			runOnlyForDeploymentPostprocessing = 0;
		};
/* End PBXSourcesBuildPhase section */

/* Begin PBXVariantGroup section */
		8A0C32CB24861F8A0068BAF2 /* LaunchScreen.storyboard */ = {
			isa = PBXVariantGroup;
			children = (
				8A0C32CC24861F8A0068BAF2 /* Base */,
			);
			name = LaunchScreen.storyboard;
			sourceTree = "<group>";
		};
/* End PBXVariantGroup section */

/* Begin XCBuildConfiguration section */
		8A0C32CF24861F8A0068BAF2 /* Debug */ = {
			isa = XCBuildConfiguration;
			buildSettings = {
				ALWAYS_SEARCH_USER_PATHS = NO;
				CLANG_ANALYZER_NONNULL = YES;
				CLANG_ANALYZER_NUMBER_OBJECT_CONVERSION = YES_AGGRESSIVE;
				CLANG_CXX_LANGUAGE_STANDARD = "gnu++14";
				CLANG_CXX_LIBRARY = "libc++";
				CLANG_ENABLE_MODULES = YES;
				CLANG_ENABLE_OBJC_ARC = YES;
				CLANG_ENABLE_OBJC_WEAK = YES;
				CLANG_WARN_BLOCK_CAPTURE_AUTORELEASING = YES;
				CLANG_WARN_BOOL_CONVERSION = YES;
				CLANG_WARN_COMMA = YES;
				CLANG_WARN_CONSTANT_CONVERSION = YES;
				CLANG_WARN_DEPRECATED_OBJC_IMPLEMENTATIONS = YES;
				CLANG_WARN_DIRECT_OBJC_ISA_USAGE = YES_ERROR;
				CLANG_WARN_DOCUMENTATION_COMMENTS = YES;
				CLANG_WARN_EMPTY_BODY = YES;
				CLANG_WARN_ENUM_CONVERSION = YES;
				CLANG_WARN_INFINITE_RECURSION = YES;
				CLANG_WARN_INT_CONVERSION = YES;
				CLANG_WARN_NON_LITERAL_NULL_CONVERSION = YES;
				CLANG_WARN_OBJC_IMPLICIT_RETAIN_SELF = YES;
				CLANG_WARN_OBJC_LITERAL_CONVERSION = YES;
				CLANG_WARN_OBJC_ROOT_CLASS = YES_ERROR;
				CLANG_WARN_RANGE_LOOP_ANALYSIS = YES;
				CLANG_WARN_STRICT_PROTOTYPES = YES;
				CLANG_WARN_SUSPICIOUS_MOVE = YES;
				CLANG_WARN_UNGUARDED_AVAILABILITY = YES_AGGRESSIVE;
				CLANG_WARN_UNREACHABLE_CODE = YES;
				CLANG_WARN__DUPLICATE_METHOD_MATCH = YES;
				COPY_PHASE_STRIP = NO;
				DEBUG_INFORMATION_FORMAT = dwarf;
				ENABLE_STRICT_OBJC_MSGSEND = YES;
				ENABLE_TESTABILITY = YES;
				GCC_C_LANGUAGE_STANDARD = gnu11;
				GCC_DYNAMIC_NO_PIC = NO;
				GCC_NO_COMMON_BLOCKS = YES;
				GCC_OPTIMIZATION_LEVEL = 0;
				GCC_PREPROCESSOR_DEFINITIONS = (
					"DEBUG=1",
					"$(inherited)",
				);
				GCC_WARN_64_TO_32_BIT_CONVERSION = YES;
				GCC_WARN_ABOUT_RETURN_TYPE = YES_ERROR;
				GCC_WARN_UNDECLARED_SELECTOR = YES;
				GCC_WARN_UNINITIALIZED_AUTOS = YES_AGGRESSIVE;
				GCC_WARN_UNUSED_FUNCTION = YES;
				GCC_WARN_UNUSED_VARIABLE = YES;
				IPHONEOS_DEPLOYMENT_TARGET = 13.2;
				MTL_ENABLE_DEBUG_INFO = INCLUDE_SOURCE;
				MTL_FAST_MATH = YES;
				ONLY_ACTIVE_ARCH = YES;
				SDKROOT = iphoneos;
				SWIFT_ACTIVE_COMPILATION_CONDITIONS = DEBUG;
				SWIFT_OPTIMIZATION_LEVEL = "-Onone";
			};
			name = Debug;
		};
		8A0C32D024861F8A0068BAF2 /* Release */ = {
			isa = XCBuildConfiguration;
			buildSettings = {
				ALWAYS_SEARCH_USER_PATHS = NO;
				CLANG_ANALYZER_NONNULL = YES;
				CLANG_ANALYZER_NUMBER_OBJECT_CONVERSION = YES_AGGRESSIVE;
				CLANG_CXX_LANGUAGE_STANDARD = "gnu++14";
				CLANG_CXX_LIBRARY = "libc++";
				CLANG_ENABLE_MODULES = YES;
				CLANG_ENABLE_OBJC_ARC = YES;
				CLANG_ENABLE_OBJC_WEAK = YES;
				CLANG_WARN_BLOCK_CAPTURE_AUTORELEASING = YES;
				CLANG_WARN_BOOL_CONVERSION = YES;
				CLANG_WARN_COMMA = YES;
				CLANG_WARN_CONSTANT_CONVERSION = YES;
				CLANG_WARN_DEPRECATED_OBJC_IMPLEMENTATIONS = YES;
				CLANG_WARN_DIRECT_OBJC_ISA_USAGE = YES_ERROR;
				CLANG_WARN_DOCUMENTATION_COMMENTS = YES;
				CLANG_WARN_EMPTY_BODY = YES;
				CLANG_WARN_ENUM_CONVERSION = YES;
				CLANG_WARN_INFINITE_RECURSION = YES;
				CLANG_WARN_INT_CONVERSION = YES;
				CLANG_WARN_NON_LITERAL_NULL_CONVERSION = YES;
				CLANG_WARN_OBJC_IMPLICIT_RETAIN_SELF = YES;
				CLANG_WARN_OBJC_LITERAL_CONVERSION = YES;
				CLANG_WARN_OBJC_ROOT_CLASS = YES_ERROR;
				CLANG_WARN_RANGE_LOOP_ANALYSIS = YES;
				CLANG_WARN_STRICT_PROTOTYPES = YES;
				CLANG_WARN_SUSPICIOUS_MOVE = YES;
				CLANG_WARN_UNGUARDED_AVAILABILITY = YES_AGGRESSIVE;
				CLANG_WARN_UNREACHABLE_CODE = YES;
				CLANG_WARN__DUPLICATE_METHOD_MATCH = YES;
				COPY_PHASE_STRIP = NO;
				DEBUG_INFORMATION_FORMAT = "dwarf-with-dsym";
				ENABLE_NS_ASSERTIONS = NO;
				ENABLE_STRICT_OBJC_MSGSEND = YES;
				GCC_C_LANGUAGE_STANDARD = gnu11;
				GCC_NO_COMMON_BLOCKS = YES;
				GCC_WARN_64_TO_32_BIT_CONVERSION = YES;
				GCC_WARN_ABOUT_RETURN_TYPE = YES_ERROR;
				GCC_WARN_UNDECLARED_SELECTOR = YES;
				GCC_WARN_UNINITIALIZED_AUTOS = YES_AGGRESSIVE;
				GCC_WARN_UNUSED_FUNCTION = YES;
				GCC_WARN_UNUSED_VARIABLE = YES;
				IPHONEOS_DEPLOYMENT_TARGET = 13.2;
				MTL_ENABLE_DEBUG_INFO = NO;
				MTL_FAST_MATH = YES;
				SDKROOT = iphoneos;
				SWIFT_COMPILATION_MODE = wholemodule;
				SWIFT_OPTIMIZATION_LEVEL = "-O";
				VALIDATE_PRODUCT = YES;
			};
			name = Release;
		};
		8A0C32D224861F8A0068BAF2 /* Debug */ = {
			isa = XCBuildConfiguration;
			buildSettings = {
				ASSETCATALOG_COMPILER_APPICON_NAME = AppIcon;
				CODE_SIGN_STYLE = Automatic;
				DEVELOPMENT_ASSET_PATHS = "\"Landmarks/Preview Content\"";
				DEVELOPMENT_TEAM = XYSCZDXKR7;
				ENABLE_PREVIEWS = YES;
				INFOPLIST_FILE = Landmarks/Info.plist;
				LD_RUNPATH_SEARCH_PATHS = (
					"$(inherited)",
					"@executable_path/Frameworks",
				);
				PRODUCT_BUNDLE_IDENTIFIER = com.saber.Landmarks;
				PRODUCT_NAME = "$(TARGET_NAME)";
				SWIFT_VERSION = 5.0;
				TARGETED_DEVICE_FAMILY = "1,2";
			};
			name = Debug;
		};
		8A0C32D324861F8A0068BAF2 /* Release */ = {
			isa = XCBuildConfiguration;
			buildSettings = {
				ASSETCATALOG_COMPILER_APPICON_NAME = AppIcon;
				CODE_SIGN_STYLE = Automatic;
				DEVELOPMENT_ASSET_PATHS = "\"Landmarks/Preview Content\"";
				DEVELOPMENT_TEAM = XYSCZDXKR7;
				ENABLE_PREVIEWS = YES;
				INFOPLIST_FILE = Landmarks/Info.plist;
				LD_RUNPATH_SEARCH_PATHS = (
					"$(inherited)",
					"@executable_path/Frameworks",
				);
				PRODUCT_BUNDLE_IDENTIFIER = com.saber.Landmarks;
				PRODUCT_NAME = "$(TARGET_NAME)";
				SWIFT_VERSION = 5.0;
				TARGETED_DEVICE_FAMILY = "1,2";
			};
			name = Release;
		};
/* End XCBuildConfiguration section */

/* Begin XCConfigurationList section */
		8A0C32B824861F880068BAF2 /* Build configuration list for PBXProject "Landmarks" */ = {
			isa = XCConfigurationList;
			buildConfigurations = (
				8A0C32CF24861F8A0068BAF2 /* Debug */,
				8A0C32D024861F8A0068BAF2 /* Release */,
			);
			defaultConfigurationIsVisible = 0;
			defaultConfigurationName = Release;
		};
		8A0C32D124861F8A0068BAF2 /* Build configuration list for PBXNativeTarget "Landmarks" */ = {
			isa = XCConfigurationList;
			buildConfigurations = (
				8A0C32D224861F8A0068BAF2 /* Debug */,
				8A0C32D324861F8A0068BAF2 /* Release */,
			);
			defaultConfigurationIsVisible = 0;
			defaultConfigurationName = Release;
		};
/* End XCConfigurationList section */
	};
	rootObject = 8A0C32B524861F880068BAF2 /* Project object */;
}
